// !$*UTF8*$!
{
	archiveVersion = 1;
	classes = {
	};
	objectVersion = 51;
	objects = {

/* Begin PBXBuildFile section */
		6DEFD598384419428C4BC884 /* Pods_JStore.framework in Frameworks */ = {isa = PBXBuildFile; fileRef = C76965E05BF386C03B7BF55D /* Pods_JStore.framework */; };
		942FF3DF265EA729005F5BD0 /* AppDelegate.swift in Sources */ = {isa = PBXBuildFile; fileRef = 942FF3DE265EA729005F5BD0 /* AppDelegate.swift */; };
		942FF3E1265EA729005F5BD0 /* SceneDelegate.swift in Sources */ = {isa = PBXBuildFile; fileRef = 942FF3E0265EA729005F5BD0 /* SceneDelegate.swift */; };
		942FF3E3265EA729005F5BD0 /* ViewController.swift in Sources */ = {isa = PBXBuildFile; fileRef = 942FF3E2265EA729005F5BD0 /* ViewController.swift */; };
		942FF3E6265EA729005F5BD0 /* Main.storyboard in Resources */ = {isa = PBXBuildFile; fileRef = 942FF3E4265EA729005F5BD0 /* Main.storyboard */; };
		942FF3E8265EA72A005F5BD0 /* Assets.xcassets in Resources */ = {isa = PBXBuildFile; fileRef = 942FF3E7265EA72A005F5BD0 /* Assets.xcassets */; };
		942FF3EB265EA72A005F5BD0 /* LaunchScreen.storyboard in Resources */ = {isa = PBXBuildFile; fileRef = 942FF3E9265EA72A005F5BD0 /* LaunchScreen.storyboard */; };
		942FF3F8265EAA6F005F5BD0 /* LoginViewController.swift in Sources */ = {isa = PBXBuildFile; fileRef = 942FF3F7265EAA6F005F5BD0 /* LoginViewController.swift */; };
		942FF3FD265EB48D005F5BD0 /* CustomUIButton.swift in Sources */ = {isa = PBXBuildFile; fileRef = 942FF3FC265EB48D005F5BD0 /* CustomUIButton.swift */; };
		942FF401265EC4DE005F5BD0 /* SignUpViewController.swift in Sources */ = {isa = PBXBuildFile; fileRef = 942FF400265EC4DE005F5BD0 /* SignUpViewController.swift */; };
		9441D4ED26A640B100109CCE /* Post.swift in Sources */ = {isa = PBXBuildFile; fileRef = 9441D4EC26A640B100109CCE /* Post.swift */; };
		9441D4F026A6491C00109CCE /* PostViewModel.swift in Sources */ = {isa = PBXBuildFile; fileRef = 9441D4EF26A6491C00109CCE /* PostViewModel.swift */; };
		9479B4BE2683837C00250479 /* PruebaFirebaseController.swift in Sources */ = {isa = PBXBuildFile; fileRef = 9479B4BD2683837C00250479 /* PruebaFirebaseController.swift */; };
		94B09A3C26A5F990000D9D2D /* Home.storyboard in Resources */ = {isa = PBXBuildFile; fileRef = 94B09A3B26A5F990000D9D2D /* Home.storyboard */; };
		94B09A4026A5F9C7000D9D2D /* App.storyboard in Resources */ = {isa = PBXBuildFile; fileRef = 94B09A3F26A5F9C7000D9D2D /* App.storyboard */; };
		94B09A4326A5F9D8000D9D2D /* User.storyboard in Resources */ = {isa = PBXBuildFile; fileRef = 94B09A4226A5F9D8000D9D2D /* User.storyboard */; };
		94B09A4626A5F9E6000D9D2D /* Post.storyboard in Resources */ = {isa = PBXBuildFile; fileRef = 94B09A4526A5F9E6000D9D2D /* Post.storyboard */; };
		94B09A4926A5FDB6000D9D2D /* HomeViewController.swift in Sources */ = {isa = PBXBuildFile; fileRef = 94B09A4826A5FDB6000D9D2D /* HomeViewController.swift */; };
		94B09A4C26A60976000D9D2D /* PostViewController.swift in Sources */ = {isa = PBXBuildFile; fileRef = 94B09A4B26A60976000D9D2D /* PostViewController.swift */; };
		94B09A4F26A612E4000D9D2D /* UserController.swift in Sources */ = {isa = PBXBuildFile; fileRef = 94B09A4E26A612E4000D9D2D /* UserController.swift */; };
		94E2EF412683C9D200AD291D /* User.swift in Sources */ = {isa = PBXBuildFile; fileRef = 94E2EF402683C9D200AD291D /* User.swift */; };
		94E2EF482683D8AF00AD291D /* Common.swift in Sources */ = {isa = PBXBuildFile; fileRef = 94E2EF472683D8AF00AD291D /* Common.swift */; };
		94E2EF4C2683D92E00AD291D /* UserViewModel.swift in Sources */ = {isa = PBXBuildFile; fileRef = 94E2EF4B2683D92E00AD291D /* UserViewModel.swift */; };
		94E2EF872683E6EC00AD291D /* Extensions.swift in Sources */ = {isa = PBXBuildFile; fileRef = 94E2EF862683E6EC00AD291D /* Extensions.swift */; };
		94E93006265EF52D0032C714 /* ResetPasswordViewController.swift in Sources */ = {isa = PBXBuildFile; fileRef = 94E93005265EF52D0032C714 /* ResetPasswordViewController.swift */; };
		94E93009265F0DA50032C714 /* ResetPasswordMessageViewController.swift in Sources */ = {isa = PBXBuildFile; fileRef = 94E93008265F0DA50032C714 /* ResetPasswordMessageViewController.swift */; };
		94E9427F2682BA1500C25113 /* GoogleService-Info.plist in Resources */ = {isa = PBXBuildFile; fileRef = 94E9427E2682BA1500C25113 /* GoogleService-Info.plist */; };
/* End PBXBuildFile section */

/* Begin PBXFileReference section */
		88F39E65F79CDA5B49EF810E /* Pods-JStore.debug.xcconfig */ = {isa = PBXFileReference; includeInIndex = 1; lastKnownFileType = text.xcconfig; name = "Pods-JStore.debug.xcconfig"; path = "Target Support Files/Pods-JStore/Pods-JStore.debug.xcconfig"; sourceTree = "<group>"; };
		942FF3DB265EA729005F5BD0 /* JStore.app */ = {isa = PBXFileReference; explicitFileType = wrapper.application; includeInIndex = 0; path = JStore.app; sourceTree = BUILT_PRODUCTS_DIR; };
		942FF3DE265EA729005F5BD0 /* AppDelegate.swift */ = {isa = PBXFileReference; lastKnownFileType = sourcecode.swift; path = AppDelegate.swift; sourceTree = "<group>"; };
		942FF3E0265EA729005F5BD0 /* SceneDelegate.swift */ = {isa = PBXFileReference; lastKnownFileType = sourcecode.swift; path = SceneDelegate.swift; sourceTree = "<group>"; };
		942FF3E2265EA729005F5BD0 /* ViewController.swift */ = {isa = PBXFileReference; lastKnownFileType = sourcecode.swift; path = ViewController.swift; sourceTree = "<group>"; };
		942FF3E5265EA729005F5BD0 /* Base */ = {isa = PBXFileReference; lastKnownFileType = file.storyboard; name = Base; path = Base.lproj/Main.storyboard; sourceTree = "<group>"; };
		942FF3E7265EA72A005F5BD0 /* Assets.xcassets */ = {isa = PBXFileReference; lastKnownFileType = folder.assetcatalog; path = Assets.xcassets; sourceTree = "<group>"; };
		942FF3EA265EA72A005F5BD0 /* Base */ = {isa = PBXFileReference; lastKnownFileType = file.storyboard; name = Base; path = Base.lproj/LaunchScreen.storyboard; sourceTree = "<group>"; };
		942FF3EC265EA72A005F5BD0 /* Info.plist */ = {isa = PBXFileReference; lastKnownFileType = text.plist.xml; path = Info.plist; sourceTree = "<group>"; };
		942FF3F7265EAA6F005F5BD0 /* LoginViewController.swift */ = {isa = PBXFileReference; lastKnownFileType = sourcecode.swift; path = LoginViewController.swift; sourceTree = "<group>"; };
		942FF3FC265EB48D005F5BD0 /* CustomUIButton.swift */ = {isa = PBXFileReference; lastKnownFileType = sourcecode.swift; path = CustomUIButton.swift; sourceTree = "<group>"; };
		942FF400265EC4DE005F5BD0 /* SignUpViewController.swift */ = {isa = PBXFileReference; lastKnownFileType = sourcecode.swift; path = SignUpViewController.swift; sourceTree = "<group>"; };
		9441D4EC26A640B100109CCE /* Post.swift */ = {isa = PBXFileReference; lastKnownFileType = sourcecode.swift; path = Post.swift; sourceTree = "<group>"; };
		9441D4EF26A6491C00109CCE /* PostViewModel.swift */ = {isa = PBXFileReference; lastKnownFileType = sourcecode.swift; path = PostViewModel.swift; sourceTree = "<group>"; };
		9479B4BD2683837C00250479 /* PruebaFirebaseController.swift */ = {isa = PBXFileReference; lastKnownFileType = sourcecode.swift; path = PruebaFirebaseController.swift; sourceTree = "<group>"; };
		94B09A3B26A5F990000D9D2D /* Home.storyboard */ = {isa = PBXFileReference; lastKnownFileType = file.storyboard; path = Home.storyboard; sourceTree = "<group>"; };
		94B09A3F26A5F9C7000D9D2D /* App.storyboard */ = {isa = PBXFileReference; lastKnownFileType = file.storyboard; path = App.storyboard; sourceTree = "<group>"; };
		94B09A4226A5F9D8000D9D2D /* User.storyboard */ = {isa = PBXFileReference; lastKnownFileType = file.storyboard; path = User.storyboard; sourceTree = "<group>"; };
		94B09A4526A5F9E6000D9D2D /* Post.storyboard */ = {isa = PBXFileReference; lastKnownFileType = file.storyboard; path = Post.storyboard; sourceTree = "<group>"; };
		94B09A4826A5FDB6000D9D2D /* HomeViewController.swift */ = {isa = PBXFileReference; lastKnownFileType = sourcecode.swift; path = HomeViewController.swift; sourceTree = "<group>"; };
		94B09A4B26A60976000D9D2D /* PostViewController.swift */ = {isa = PBXFileReference; lastKnownFileType = sourcecode.swift; path = PostViewController.swift; sourceTree = "<group>"; };
		94B09A4E26A612E4000D9D2D /* UserController.swift */ = {isa = PBXFileReference; lastKnownFileType = sourcecode.swift; path = UserController.swift; sourceTree = "<group>"; };
		94E2EF402683C9D200AD291D /* User.swift */ = {isa = PBXFileReference; lastKnownFileType = sourcecode.swift; path = User.swift; sourceTree = "<group>"; };
		94E2EF472683D8AF00AD291D /* Common.swift */ = {isa = PBXFileReference; lastKnownFileType = sourcecode.swift; path = Common.swift; sourceTree = "<group>"; };
		94E2EF4B2683D92E00AD291D /* UserViewModel.swift */ = {isa = PBXFileReference; lastKnownFileType = sourcecode.swift; path = UserViewModel.swift; sourceTree = "<group>"; };
		94E2EF862683E6EC00AD291D /* Extensions.swift */ = {isa = PBXFileReference; lastKnownFileType = sourcecode.swift; path = Extensions.swift; sourceTree = "<group>"; };
		94E93005265EF52D0032C714 /* ResetPasswordViewController.swift */ = {isa = PBXFileReference; lastKnownFileType = sourcecode.swift; path = ResetPasswordViewController.swift; sourceTree = "<group>"; };
		94E93008265F0DA50032C714 /* ResetPasswordMessageViewController.swift */ = {isa = PBXFileReference; lastKnownFileType = sourcecode.swift; path = ResetPasswordMessageViewController.swift; sourceTree = "<group>"; };
		94E9427E2682BA1500C25113 /* GoogleService-Info.plist */ = {isa = PBXFileReference; fileEncoding = 4; lastKnownFileType = text.plist.xml; path = "GoogleService-Info.plist"; sourceTree = "<group>"; };
		C76965E05BF386C03B7BF55D /* Pods_JStore.framework */ = {isa = PBXFileReference; explicitFileType = wrapper.framework; includeInIndex = 0; path = Pods_JStore.framework; sourceTree = BUILT_PRODUCTS_DIR; };
		CBCF6B5F225A575275CB5EF4 /* Pods-JStore.release.xcconfig */ = {isa = PBXFileReference; includeInIndex = 1; lastKnownFileType = text.xcconfig; name = "Pods-JStore.release.xcconfig"; path = "Target Support Files/Pods-JStore/Pods-JStore.release.xcconfig"; sourceTree = "<group>"; };
/* End PBXFileReference section */

/* Begin PBXFrameworksBuildPhase section */
		942FF3D8265EA729005F5BD0 /* Frameworks */ = {
			isa = PBXFrameworksBuildPhase;
			buildActionMask = 2147483647;
			files = (
				6DEFD598384419428C4BC884 /* Pods_JStore.framework in Frameworks */,
			);
			runOnlyForDeploymentPostprocessing = 0;
		};
/* End PBXFrameworksBuildPhase section */

/* Begin PBXGroup section */
		942FF3D2265EA729005F5BD0 = {
			isa = PBXGroup;
			children = (
				942FF3DD265EA729005F5BD0 /* JStore */,
				942FF3DC265EA729005F5BD0 /* Products */,
				D30E7161931C18E188333096 /* Pods */,
				AACA059D75BDB222F8A1FB24 /* Frameworks */,
			);
			sourceTree = "<group>";
		};
		942FF3DC265EA729005F5BD0 /* Products */ = {
			isa = PBXGroup;
			children = (
				942FF3DB265EA729005F5BD0 /* JStore.app */,
			);
			name = Products;
			sourceTree = "<group>";
		};
		942FF3DD265EA729005F5BD0 /* JStore */ = {
			isa = PBXGroup;
			children = (
				94E2EF462683D82E00AD291D /* Utility */,
				94E2EF442683CABA00AD291D /* Firebase */,
				94E2EF3F2683C9B600AD291D /* Model */,
				942FF3FB265EB43D005F5BD0 /* View */,
				942FF3F6265EAA3F005F5BD0 /* Controller */,
				942FF3F4265EA7F7005F5BD0 /* Storyboards */,
				942FF3DE265EA729005F5BD0 /* AppDelegate.swift */,
				942FF3E0265EA729005F5BD0 /* SceneDelegate.swift */,
				942FF3E2265EA729005F5BD0 /* ViewController.swift */,
				942FF3E7265EA72A005F5BD0 /* Assets.xcassets */,
				942FF3E9265EA72A005F5BD0 /* LaunchScreen.storyboard */,
				942FF3EC265EA72A005F5BD0 /* Info.plist */,
				94E9427E2682BA1500C25113 /* GoogleService-Info.plist */,
			);
			path = JStore;
			sourceTree = "<group>";
		};
		942FF3F4265EA7F7005F5BD0 /* Storyboards */ = {
			isa = PBXGroup;
			children = (
				942FF3E4265EA729005F5BD0 /* Main.storyboard */,
				94B09A3B26A5F990000D9D2D /* Home.storyboard */,
				94B09A3F26A5F9C7000D9D2D /* App.storyboard */,
				94B09A4226A5F9D8000D9D2D /* User.storyboard */,
				94B09A4526A5F9E6000D9D2D /* Post.storyboard */,
			);
			path = Storyboards;
			sourceTree = "<group>";
		};
		942FF3F6265EAA3F005F5BD0 /* Controller */ = {
			isa = PBXGroup;
			children = (
				942FF3F7265EAA6F005F5BD0 /* LoginViewController.swift */,
				942FF400265EC4DE005F5BD0 /* SignUpViewController.swift */,
				94E93005265EF52D0032C714 /* ResetPasswordViewController.swift */,
				94E93008265F0DA50032C714 /* ResetPasswordMessageViewController.swift */,
				9479B4BD2683837C00250479 /* PruebaFirebaseController.swift */,
				94B09A4826A5FDB6000D9D2D /* HomeViewController.swift */,
				94B09A4B26A60976000D9D2D /* PostViewController.swift */,
				94B09A4E26A612E4000D9D2D /* UserController.swift */,
			);
			path = Controller;
			sourceTree = "<group>";
		};
		942FF3FB265EB43D005F5BD0 /* View */ = {
			isa = PBXGroup;
			children = (
				942FF3FC265EB48D005F5BD0 /* CustomUIButton.swift */,
			);
			path = View;
			sourceTree = "<group>";
		};
		94E2EF3F2683C9B600AD291D /* Model */ = {
			isa = PBXGroup;
			children = (
				94E2EF402683C9D200AD291D /* User.swift */,
				9441D4EC26A640B100109CCE /* Post.swift */,
			);
			path = Model;
			sourceTree = "<group>";
		};
		94E2EF442683CABA00AD291D /* Firebase */ = {
			isa = PBXGroup;
			children = (
				94E2EF4B2683D92E00AD291D /* UserViewModel.swift */,
				9441D4EF26A6491C00109CCE /* PostViewModel.swift */,
			);
			path = Firebase;
			sourceTree = "<group>";
		};
		94E2EF462683D82E00AD291D /* Utility */ = {
			isa = PBXGroup;
			children = (
				94E2EF472683D8AF00AD291D /* Common.swift */,
				94E2EF862683E6EC00AD291D /* Extensions.swift */,
			);
			path = Utility;
			sourceTree = "<group>";
		};
		AACA059D75BDB222F8A1FB24 /* Frameworks */ = {
			isa = PBXGroup;
			children = (
				C76965E05BF386C03B7BF55D /* Pods_JStore.framework */,
			);
			name = Frameworks;
			sourceTree = "<group>";
		};
		D30E7161931C18E188333096 /* Pods */ = {
			isa = PBXGroup;
			children = (
				88F39E65F79CDA5B49EF810E /* Pods-JStore.debug.xcconfig */,
				CBCF6B5F225A575275CB5EF4 /* Pods-JStore.release.xcconfig */,
			);
			path = Pods;
			sourceTree = "<group>";
		};
/* End PBXGroup section */

/* Begin PBXNativeTarget section */
		942FF3DA265EA729005F5BD0 /* JStore */ = {
			isa = PBXNativeTarget;
			buildConfigurationList = 942FF3EF265EA72A005F5BD0 /* Build configuration list for PBXNativeTarget "JStore" */;
			buildPhases = (
				78D382EBEE5BFF380BB9201F /* [CP] Check Pods Manifest.lock */,
				942FF3D7265EA729005F5BD0 /* Sources */,
				942FF3D8265EA729005F5BD0 /* Frameworks */,
				942FF3D9265EA729005F5BD0 /* Resources */,
				190049149601CBAFB69CD3DA /* [CP] Embed Pods Frameworks */,
			);
			buildRules = (
			);
			dependencies = (
			);
			name = JStore;
			productName = JStore;
			productReference = 942FF3DB265EA729005F5BD0 /* JStore.app */;
			productType = "com.apple.product-type.application";
		};
/* End PBXNativeTarget section */

/* Begin PBXProject section */
		942FF3D3265EA729005F5BD0 /* Project object */ = {
			isa = PBXProject;
			attributes = {
				LastSwiftUpdateCheck = 1240;
				LastUpgradeCheck = 1240;
				TargetAttributes = {
					942FF3DA265EA729005F5BD0 = {
						CreatedOnToolsVersion = 12.4;
					};
				};
			};
			buildConfigurationList = 942FF3D6265EA729005F5BD0 /* Build configuration list for PBXProject "JStore" */;
			compatibilityVersion = "Xcode 9.3";
			developmentRegion = en;
			hasScannedForEncodings = 0;
			knownRegions = (
				en,
				Base,
			);
			mainGroup = 942FF3D2265EA729005F5BD0;
			productRefGroup = 942FF3DC265EA729005F5BD0 /* Products */;
			projectDirPath = "";
			projectRoot = "";
			targets = (
				942FF3DA265EA729005F5BD0 /* JStore */,
			);
		};
/* End PBXProject section */

/* Begin PBXResourcesBuildPhase section */
		942FF3D9265EA729005F5BD0 /* Resources */ = {
			isa = PBXResourcesBuildPhase;
			buildActionMask = 2147483647;
			files = (
				942FF3EB265EA72A005F5BD0 /* LaunchScreen.storyboard in Resources */,
				94E9427F2682BA1500C25113 /* GoogleService-Info.plist in Resources */,
				94B09A4026A5F9C7000D9D2D /* App.storyboard in Resources */,
				94B09A3C26A5F990000D9D2D /* Home.storyboard in Resources */,
				94B09A4626A5F9E6000D9D2D /* Post.storyboard in Resources */,
				942FF3E8265EA72A005F5BD0 /* Assets.xcassets in Resources */,
				94B09A4326A5F9D8000D9D2D /* User.storyboard in Resources */,
				942FF3E6265EA729005F5BD0 /* Main.storyboard in Resources */,
			);
			runOnlyForDeploymentPostprocessing = 0;
		};
/* End PBXResourcesBuildPhase section */

/* Begin PBXShellScriptBuildPhase section */
		190049149601CBAFB69CD3DA /* [CP] Embed Pods Frameworks */ = {
			isa = PBXShellScriptBuildPhase;
			buildActionMask = 2147483647;
			files = (
			);
			inputFileListPaths = (
				"${PODS_ROOT}/Target Support Files/Pods-JStore/Pods-JStore-frameworks-${CONFIGURATION}-input-files.xcfilelist",
			);
			name = "[CP] Embed Pods Frameworks";
			outputFileListPaths = (
				"${PODS_ROOT}/Target Support Files/Pods-JStore/Pods-JStore-frameworks-${CONFIGURATION}-output-files.xcfilelist",
			);
			runOnlyForDeploymentPostprocessing = 0;
			shellPath = /bin/sh;
			shellScript = "\"${PODS_ROOT}/Target Support Files/Pods-JStore/Pods-JStore-frameworks.sh\"\n";
			showEnvVarsInLog = 0;
		};
		78D382EBEE5BFF380BB9201F /* [CP] Check Pods Manifest.lock */ = {
			isa = PBXShellScriptBuildPhase;
			buildActionMask = 2147483647;
			files = (
			);
			inputFileListPaths = (
			);
			inputPaths = (
				"${PODS_PODFILE_DIR_PATH}/Podfile.lock",
				"${PODS_ROOT}/Manifest.lock",
			);
			name = "[CP] Check Pods Manifest.lock";
			outputFileListPaths = (
			);
			outputPaths = (
				"$(DERIVED_FILE_DIR)/Pods-JStore-checkManifestLockResult.txt",
			);
			runOnlyForDeploymentPostprocessing = 0;
			shellPath = /bin/sh;
			shellScript = "diff \"${PODS_PODFILE_DIR_PATH}/Podfile.lock\" \"${PODS_ROOT}/Manifest.lock\" > /dev/null\nif [ $? != 0 ] ; then\n    # print error to STDERR\n    echo \"error: The sandbox is not in sync with the Podfile.lock. Run 'pod install' or update your CocoaPods installation.\" >&2\n    exit 1\nfi\n# This output is used by Xcode 'outputs' to avoid re-running this script phase.\necho \"SUCCESS\" > \"${SCRIPT_OUTPUT_FILE_0}\"\n";
			showEnvVarsInLog = 0;
		};
/* End PBXShellScriptBuildPhase section */

/* Begin PBXSourcesBuildPhase section */
		942FF3D7265EA729005F5BD0 /* Sources */ = {
			isa = PBXSourcesBuildPhase;
			buildActionMask = 2147483647;
			files = (
				94E93009265F0DA50032C714 /* ResetPasswordMessageViewController.swift in Sources */,
				94E2EF4C2683D92E00AD291D /* UserViewModel.swift in Sources */,
				94B09A4F26A612E4000D9D2D /* UserController.swift in Sources */,
				9479B4BE2683837C00250479 /* PruebaFirebaseController.swift in Sources */,
				9441D4ED26A640B100109CCE /* Post.swift in Sources */,
				942FF401265EC4DE005F5BD0 /* SignUpViewController.swift in Sources */,
				9441D4F026A6491C00109CCE /* PostViewModel.swift in Sources */,
				942FF3FD265EB48D005F5BD0 /* CustomUIButton.swift in Sources */,
				94B09A4926A5FDB6000D9D2D /* HomeViewController.swift in Sources */,
				94E2EF482683D8AF00AD291D /* Common.swift in Sources */,
				942FF3F8265EAA6F005F5BD0 /* LoginViewController.swift in Sources */,
				942FF3E3265EA729005F5BD0 /* ViewController.swift in Sources */,
				94B09A4C26A60976000D9D2D /* PostViewController.swift in Sources */,
				94E2EF872683E6EC00AD291D /* Extensions.swift in Sources */,
				942FF3DF265EA729005F5BD0 /* AppDelegate.swift in Sources */,
				942FF3E1265EA729005F5BD0 /* SceneDelegate.swift in Sources */,
				94E2EF412683C9D200AD291D /* User.swift in Sources */,
				94E93006265EF52D0032C714 /* ResetPasswordViewController.swift in Sources */,
			);
			runOnlyForDeploymentPostprocessing = 0;
		};
/* End PBXSourcesBuildPhase section */

/* Begin PBXVariantGroup section */
		942FF3E4265EA729005F5BD0 /* Main.storyboard */ = {
			isa = PBXVariantGroup;
			children = (
				942FF3E5265EA729005F5BD0 /* Base */,
			);
			name = Main.storyboard;
			sourceTree = "<group>";
		};
		942FF3E9265EA72A005F5BD0 /* LaunchScreen.storyboard */ = {
			isa = PBXVariantGroup;
			children = (
				942FF3EA265EA72A005F5BD0 /* Base */,
			);
			name = LaunchScreen.storyboard;
			sourceTree = "<group>";
		};
/* End PBXVariantGroup section */

/* Begin XCBuildConfiguration section */
		942FF3ED265EA72A005F5BD0 /* Debug */ = {
			isa = XCBuildConfiguration;
			buildSettings = {
				ALWAYS_SEARCH_USER_PATHS = NO;
				CLANG_ANALYZER_NONNULL = YES;
				CLANG_ANALYZER_NUMBER_OBJECT_CONVERSION = YES_AGGRESSIVE;
				CLANG_CXX_LANGUAGE_STANDARD = "gnu++14";
				CLANG_CXX_LIBRARY = "libc++";
				CLANG_ENABLE_MODULES = YES;
				CLANG_ENABLE_OBJC_ARC = YES;
				CLANG_ENABLE_OBJC_WEAK = YES;
				CLANG_WARN_BLOCK_CAPTURE_AUTORELEASING = YES;
				CLANG_WARN_BOOL_CONVERSION = YES;
				CLANG_WARN_COMMA = YES;
				CLANG_WARN_CONSTANT_CONVERSION = YES;
				CLANG_WARN_DEPRECATED_OBJC_IMPLEMENTATIONS = YES;
				CLANG_WARN_DIRECT_OBJC_ISA_USAGE = YES_ERROR;
				CLANG_WARN_DOCUMENTATION_COMMENTS = YES;
				CLANG_WARN_EMPTY_BODY = YES;
				CLANG_WARN_ENUM_CONVERSION = YES;
				CLANG_WARN_INFINITE_RECURSION = YES;
				CLANG_WARN_INT_CONVERSION = YES;
				CLANG_WARN_NON_LITERAL_NULL_CONVERSION = YES;
				CLANG_WARN_OBJC_IMPLICIT_RETAIN_SELF = YES;
				CLANG_WARN_OBJC_LITERAL_CONVERSION = YES;
				CLANG_WARN_OBJC_ROOT_CLASS = YES_ERROR;
				CLANG_WARN_QUOTED_INCLUDE_IN_FRAMEWORK_HEADER = YES;
				CLANG_WARN_RANGE_LOOP_ANALYSIS = YES;
				CLANG_WARN_STRICT_PROTOTYPES = YES;
				CLANG_WARN_SUSPICIOUS_MOVE = YES;
				CLANG_WARN_UNGUARDED_AVAILABILITY = YES_AGGRESSIVE;
				CLANG_WARN_UNREACHABLE_CODE = YES;
				CLANG_WARN__DUPLICATE_METHOD_MATCH = YES;
				COPY_PHASE_STRIP = NO;
				DEBUG_INFORMATION_FORMAT = dwarf;
				ENABLE_STRICT_OBJC_MSGSEND = YES;
				ENABLE_TESTABILITY = YES;
				GCC_C_LANGUAGE_STANDARD = gnu11;
				GCC_DYNAMIC_NO_PIC = NO;
				GCC_NO_COMMON_BLOCKS = YES;
				GCC_OPTIMIZATION_LEVEL = 0;
				GCC_PREPROCESSOR_DEFINITIONS = (
					"DEBUG=1",
					"$(inherited)",
				);
				GCC_WARN_64_TO_32_BIT_CONVERSION = YES;
				GCC_WARN_ABOUT_RETURN_TYPE = YES_ERROR;
				GCC_WARN_UNDECLARED_SELECTOR = YES;
				GCC_WARN_UNINITIALIZED_AUTOS = YES_AGGRESSIVE;
				GCC_WARN_UNUSED_FUNCTION = YES;
				GCC_WARN_UNUSED_VARIABLE = YES;
				IPHONEOS_DEPLOYMENT_TARGET = 14.4;
				MTL_ENABLE_DEBUG_INFO = INCLUDE_SOURCE;
				MTL_FAST_MATH = YES;
				ONLY_ACTIVE_ARCH = YES;
				SDKROOT = iphoneos;
				SWIFT_ACTIVE_COMPILATION_CONDITIONS = DEBUG;
				SWIFT_OPTIMIZATION_LEVEL = "-Onone";
			};
			name = Debug;
		};
		942FF3EE265EA72A005F5BD0 /* Release */ = {
			isa = XCBuildConfiguration;
			buildSettings = {
				ALWAYS_SEARCH_USER_PATHS = NO;
				CLANG_ANALYZER_NONNULL = YES;
				CLANG_ANALYZER_NUMBER_OBJECT_CONVERSION = YES_AGGRESSIVE;
				CLANG_CXX_LANGUAGE_STANDARD = "gnu++14";
				CLANG_CXX_LIBRARY = "libc++";
				CLANG_ENABLE_MODULES = YES;
				CLANG_ENABLE_OBJC_ARC = YES;
				CLANG_ENABLE_OBJC_WEAK = YES;
				CLANG_WARN_BLOCK_CAPTURE_AUTORELEASING = YES;
				CLANG_WARN_BOOL_CONVERSION = YES;
				CLANG_WARN_COMMA = YES;
				CLANG_WARN_CONSTANT_CONVERSION = YES;
				CLANG_WARN_DEPRECATED_OBJC_IMPLEMENTATIONS = YES;
				CLANG_WARN_DIRECT_OBJC_ISA_USAGE = YES_ERROR;
				CLANG_WARN_DOCUMENTATION_COMMENTS = YES;
				CLANG_WARN_EMPTY_BODY = YES;
				CLANG_WARN_ENUM_CONVERSION = YES;
				CLANG_WARN_INFINITE_RECURSION = YES;
				CLANG_WARN_INT_CONVERSION = YES;
				CLANG_WARN_NON_LITERAL_NULL_CONVERSION = YES;
				CLANG_WARN_OBJC_IMPLICIT_RETAIN_SELF = YES;
				CLANG_WARN_OBJC_LITERAL_CONVERSION = YES;
				CLANG_WARN_OBJC_ROOT_CLASS = YES_ERROR;
				CLANG_WARN_QUOTED_INCLUDE_IN_FRAMEWORK_HEADER = YES;
				CLANG_WARN_RANGE_LOOP_ANALYSIS = YES;
				CLANG_WARN_STRICT_PROTOTYPES = YES;
				CLANG_WARN_SUSPICIOUS_MOVE = YES;
				CLANG_WARN_UNGUARDED_AVAILABILITY = YES_AGGRESSIVE;
				CLANG_WARN_UNREACHABLE_CODE = YES;
				CLANG_WARN__DUPLICATE_METHOD_MATCH = YES;
				COPY_PHASE_STRIP = NO;
				DEBUG_INFORMATION_FORMAT = "dwarf-with-dsym";
				ENABLE_NS_ASSERTIONS = NO;
				ENABLE_STRICT_OBJC_MSGSEND = YES;
				GCC_C_LANGUAGE_STANDARD = gnu11;
				GCC_NO_COMMON_BLOCKS = YES;
				GCC_WARN_64_TO_32_BIT_CONVERSION = YES;
				GCC_WARN_ABOUT_RETURN_TYPE = YES_ERROR;
				GCC_WARN_UNDECLARED_SELECTOR = YES;
				GCC_WARN_UNINITIALIZED_AUTOS = YES_AGGRESSIVE;
				GCC_WARN_UNUSED_FUNCTION = YES;
				GCC_WARN_UNUSED_VARIABLE = YES;
				IPHONEOS_DEPLOYMENT_TARGET = 14.4;
				MTL_ENABLE_DEBUG_INFO = NO;
				MTL_FAST_MATH = YES;
				SDKROOT = iphoneos;
				SWIFT_COMPILATION_MODE = wholemodule;
				SWIFT_OPTIMIZATION_LEVEL = "-O";
				VALIDATE_PRODUCT = YES;
			};
			name = Release;
		};
		942FF3F0265EA72A005F5BD0 /* Debug */ = {
			isa = XCBuildConfiguration;
			baseConfigurationReference = 88F39E65F79CDA5B49EF810E /* Pods-JStore.debug.xcconfig */;
			buildSettings = {
				ASSETCATALOG_COMPILER_APPICON_NAME = AppIcon;
				ASSETCATALOG_COMPILER_GLOBAL_ACCENT_COLOR_NAME = AccentColor;
				CODE_SIGN_STYLE = Automatic;
				INFOPLIST_FILE = JStore/Info.plist;
				LD_RUNPATH_SEARCH_PATHS = (
					"$(inherited)",
					"@executable_path/Frameworks",
				);
				PRODUCT_BUNDLE_IDENTIFIER = com.jstore.JStore;
				PRODUCT_NAME = "$(TARGET_NAME)";
				SWIFT_VERSION = 5.0;
				TARGETED_DEVICE_FAMILY = "1,2";
			};
			name = Debug;
		};
		942FF3F1265EA72A005F5BD0 /* Release */ = {
			isa = XCBuildConfiguration;
			baseConfigurationReference = CBCF6B5F225A575275CB5EF4 /* Pods-JStore.release.xcconfig */;
			buildSettings = {
				ASSETCATALOG_COMPILER_APPICON_NAME = AppIcon;
				ASSETCATALOG_COMPILER_GLOBAL_ACCENT_COLOR_NAME = AccentColor;
				CODE_SIGN_STYLE = Automatic;
				INFOPLIST_FILE = JStore/Info.plist;
				LD_RUNPATH_SEARCH_PATHS = (
					"$(inherited)",
					"@executable_path/Frameworks",
				);
				PRODUCT_BUNDLE_IDENTIFIER = com.jstore.JStore;
				PRODUCT_NAME = "$(TARGET_NAME)";
				SWIFT_VERSION = 5.0;
				TARGETED_DEVICE_FAMILY = "1,2";
			};
			name = Release;
		};
/* End XCBuildConfiguration section */

/* Begin XCConfigurationList section */
		942FF3D6265EA729005F5BD0 /* Build configuration list for PBXProject "JStore" */ = {
			isa = XCConfigurationList;
			buildConfigurations = (
				942FF3ED265EA72A005F5BD0 /* Debug */,
				942FF3EE265EA72A005F5BD0 /* Release */,
			);
			defaultConfigurationIsVisible = 0;
			defaultConfigurationName = Release;
		};
		942FF3EF265EA72A005F5BD0 /* Build configuration list for PBXNativeTarget "JStore" */ = {
			isa = XCConfigurationList;
			buildConfigurations = (
				942FF3F0265EA72A005F5BD0 /* Debug */,
				942FF3F1265EA72A005F5BD0 /* Release */,
			);
			defaultConfigurationIsVisible = 0;
			defaultConfigurationName = Release;
		};
/* End XCConfigurationList section */
	};
	rootObject = 942FF3D3265EA729005F5BD0 /* Project object */;
}
